
Microsoft Visual Studio Solution File, Format Version 12.00
# Visual Studio Version 16
VisualStudioVersion = 16.0.30320.27
MinimumVisualStudioVersion = 10.0.40219.1
Project("{FAE04EC0-301F-11D3-BF4B-00C04F79EFBC}") = "LogIn200", "LogIn200\LogIn200.csproj", "{44961450-024F-47C2-B663-4DCE760D4998}"
EndProject
Project("{FAE04EC0-301F-11D3-BF4B-00C04F79EFBC}") = "Login200-D", "Login200-D\Login200-D.csproj", "{A3B4FD70-2434-4C23-B289-20F4956BCF2C}"
EndProject
Global
	GlobalSection(SolutionConfigurationPlatforms) = preSolution
		Debug|Any CPU = Debug|Any CPU
		Release|Any CPU = Release|Any CPU
	EndGlobalSection
	GlobalSection(ProjectConfigurationPlatforms) = postSolution
		{44961450-024F-47C2-B663-4DCE760D4998}.Debug|Any CPU.ActiveCfg = Debug|Any CPU
		{44961450-024F-47C2-B663-4DCE760D4998}.Debug|Any CPU.Build.0 = Debug|Any CPU
		{44961450-024F-47C2-B663-4DCE760D4998}.Release|Any CPU.ActiveCfg = Release|Any CPU
		{44961450-024F-47C2-B663-4DCE760D4998}.Release|Any CPU.Build.0 = Release|Any CPU
		{A3B4FD70-2434-4C23-B289-20F4956BCF2C}.Debug|Any CPU.ActiveCfg = Debug|Any CPU
		{A3B4FD70-2434-4C23-B289-20F4956BCF2C}.Debug|Any CPU.Build.0 = Debug|Any CPU
		{A3B4FD70-2434-4C23-B289-20F4956BCF2C}.Release|Any CPU.ActiveCfg = Release|Any CPU
		{A3B4FD70-2434-4C23-B289-20F4956BCF2C}.Release|Any CPU.Build.0 = Release|Any CPU
	EndGlobalSection
	GlobalSection(SolutionProperties) = preSolution
		HideSolutionNode = FALSE
	EndGlobalSection
	GlobalSection(ExtensibilityGlobals) = postSolution
		SolutionGuid = {BBB9198D-0CA4-46D5-BB49-84AD14660053}
	EndGlobalSection
EndGlobal
